{
  "name": "ampersand-for-dummies",
  "lockfileVersion": 2,
  "requires": true,
  "packages": {
    "": {
      "dependencies": {
        "ampersand-view": "10.0.3"
      }
    },
    "node_modules/ampersand-class-extend": {
      "version": "2.0.0",
      "resolved": "https://registry.npmjs.org/ampersand-class-extend/-/ampersand-class-extend-2.0.0.tgz",
      "integrity": "sha512-i8hQvA4vZz9UfQAi0A4oBASYOZzlYgjFVkw0K1xpeKNSvq+KYkFOqJKkNvHCbbuKUNJnFk3kECSKPDAJ6ocEOg==",
      "dependencies": {
        "lodash": "4.11.1"
      }
    },
    "node_modules/ampersand-collection-view": {
      "version": "2.0.2",
      "resolved": "https://registry.npmjs.org/ampersand-collection-view/-/ampersand-collection-view-2.0.2.tgz",
      "integrity": "sha512-JVH6HGcxD0OI7X4GsTphslaGin1FD/AJtj+nn9Xt1CyzycdnoYd3jwb/MexeAD4nQUqKzeN9PLAFzd3BWQVE6A==",
      "dependencies": {
        "ampersand-class-extend": "2.0.0",
        "ampersand-events": "2.0.1",
        "ampersand-version": "1.0.0",
        "lodash": "4.11.1"
      }
    },
    "node_modules/ampersand-dom": {
      "version": "1.5.0",
      "resolved": "https://registry.npmjs.org/ampersand-dom/-/ampersand-dom-1.5.0.tgz",
      "integrity": "sha512-1eT0xapDPWME2pDcVIfy1OijTSZ4TR46CqnoGqmxDYPvI3owk2Pilz+BjMjOeI2nX5Zqd4TB96jI2ldckCYvdg==",
      "dependencies": {
        "ampersand-version": "1.0.0"
      }
    },
    "node_modules/ampersand-dom-bindings": {
      "version": "3.9.2",
      "resolved": "https://registry.npmjs.org/ampersand-dom-bindings/-/ampersand-dom-bindings-3.9.2.tgz",
      "integrity": "sha512-LQBOVB5DlGZZZ2mf6W1Y4Ld19JnuThsqD6dSvfmjBEK2dby/I1rjpkWaPrt11YZELs8IRilwzNC3OdYluV6hqw==",
      "dependencies": {
        "ampersand-dom": "1.2.5",
        "ampersand-version": "1.0.0",
        "key-tree-store": "1.2.0",
        "lodash": "4.17.4",
        "matches-selector": "1.0.0"
      }
    },
    "node_modules/ampersand-events": {
      "version": "2.0.2",
      "resolved": "https://registry.npmjs.org/ampersand-events/-/ampersand-events-2.0.2.tgz",
      "integrity": "sha512-pPnVEJviRxXi9YhZA9j3GwGGBTlDLi+YIoBvrpKXgce+CO1nMlZU2aOV8OJogNuR2YPbptAUHNz7SKX+MvLj8A==",
      "dependencies": {
        "ampersand-version": "1.0.2",
        "lodash": "4.6.1"
      }
    },
    "node_modules/ampersand-state": {
      "version": "5.0.3",
      "resolved": "https://registry.npmjs.org/ampersand-state/-/ampersand-state-5.0.3.tgz",
      "integrity": "sha512-sr904K5zvw6mkGjFHhTcfBIdpoJ6mn/HrFg7OleRmBpw3apLb3Z0gVrgRTb7kK1wOLI34vs4S+IXqNHUeqWCzw==",
      "dependencies": {
        "ampersand-events": "2.0.1",
        "ampersand-version": "1.0.0",
        "array-next": "~0.0.1",
        "key-tree-store": "1.3.0",
        "lodash": "4.12.0"
      }
    },
    "node_modules/ampersand-version": {
      "version": "1.0.2",
      "resolved": "https://registry.npmjs.org/ampersand-version/-/ampersand-version-1.0.2.tgz",
      "integrity": "sha512-FVVLY7Pghtgc8pQl0rF3A3+OS/CZ+/ILLMIYIaO1cA9v5SRkainqUMfSot3fu32svuThIsYK3q9iCsH9W5+mWQ==",
      "dependencies": {
        "find-root": "0.1.1",
        "through2": "0.6.3"
      }
    },
    "node_modules/ampersand-view": {
      "version": "10.0.3",
      "resolved": "https://registry.npmjs.org/ampersand-view/-/ampersand-view-10.0.3.tgz",
      "integrity": "sha512-PCqoFnbkCSVrXFBRX9PLdclyXnzI3L1cpRnel55cJ5UqnZ7Bg+U7sxXTBJnQ0V/fXhiC2Rh8gATLzQwydJgFxQ==",
      "dependencies": {
        "ampersand-collection-view": "2.0.2",
        "ampersand-dom-bindings": "3.9.1",
        "ampersand-state": "5.0.2",
        "ampersand-version": "1.0.2",
        "component-classes": "1.2.6",
        "domify": "1.4.0",
        "events-mixin": "1.3.0",
        "lodash": "4.17.4",
        "matches-selector": "1.2.0"
      }
    },
    "node_modules/array-next": {
      "version": "0.0.1",
      "resolved": "https://registry.npmjs.org/array-next/-/array-next-0.0.1.tgz",
      "integrity": "sha512-sBOC/Iaz2hCcYi2XlyRfyZCRUxamlE5NJXEFjE9BTx23HALnWAFsPjGtfrAclt9o3G/38Het2yyeyOd3CEY7lg=="
    },
    "node_modules/closest": {
      "version": "0.0.1",
      "resolved": "https://registry.npmjs.org/closest/-/closest-0.0.1.tgz",
      "integrity": "sha512-HafRXTAiWp5nf6kxOy2EoIGSsJMn0zew9E5zp3Dy/8CXdp8GvVjZn1TSMEVdDxSP/acXZcWJWiIgF83Di7M1Ew==",
      "dependencies": {
        "matches-selector": "0.0.1"
      }
    },
    "node_modules/closest/node_modules/matches-selector": {
      "version": "0.0.1",
      "resolved": "https://registry.npmjs.org/matches-selector/-/matches-selector-0.0.1.tgz",
      "integrity": "sha512-Bm8wuvuNGPY3j1Mo23PxieRQAmQQe2qVcqgmpHOp1BEBNgb4dqzn2Dcgu5bYltMosjGi6LD7GPW72zboSdyJQg=="
    },
    "node_modules/component-classes": {
      "version": "1.2.6",
      "resolved": "https://registry.npmjs.org/component-classes/-/component-classes-1.2.6.tgz",
      "integrity": "sha512-hPFGULxdwugu1QWW3SvVOCUHLzO34+a2J6Wqy0c5ASQkfi9/8nZcBB0ZohaEbXOQlCflMAEMmEWk7u7BVs4koA==",
      "dependencies": {
        "component-indexof": "0.0.3"
      }
    },
    "node_modules/component-event": {
      "version": "0.1.4",
      "resolved": "https://registry.npmjs.org/component-event/-/component-event-0.1.4.tgz",
      "integrity": "sha512-GMwOG8MnUHP1l8DZx1ztFO0SJTFnIzZnBDkXAj8RM2ntV2A6ALlDxgbMY1Fvxlg6WPQ+5IM/a6vg4PEYbjg/Rw=="
    },
    "node_modules/component-indexof": {
      "version": "0.0.3",
      "resolved": "https://registry.npmjs.org/component-indexof/-/component-indexof-0.0.3.tgz",
      "integrity": "sha512-puDQKvx/64HZXb4hBwIcvQLaLgux8o1CbWl39s41hrIIZDl1lJiD5jc22gj3RBeGK0ovxALDYpIbyjqDUUl0rw=="
    },
    "node_modules/core-util-is": {
      "version": "1.0.3",
      "resolved": "https://registry.npmjs.org/core-util-is/-/core-util-is-1.0.3.tgz",
      "integrity": "sha512-ZQBvi1DcpJ4GDqanjucZ2Hj3wEO5pZDS89BWbkcrvdxksJorwUDDZamX9ldFkp9aw2lmBDLgkObEA4DWNJ9FYQ=="
    },
    "node_modules/delegate-events": {
      "version": "1.1.1",
      "resolved": "https://registry.npmjs.org/delegate-events/-/delegate-events-1.1.1.tgz",
      "integrity": "sha512-zGQj8wM/bfJ55suxyP3e9fO68hXuhL5LnD03n4Ri1TG7Pserpeo0e6VdQlsym05wlSYQrXiVPiq/oGvXROqxEw==",
      "dependencies": {
        "closest": "*",
        "component-event": "*"
      }
    },
    "node_modules/domify": {
      "version": "1.4.1",
      "resolved": "https://registry.npmjs.org/domify/-/domify-1.4.1.tgz",
      "integrity": "sha512-x18nuiDHMCZGXr4KJSRMf/TWYtiaRo6RX8KN9fEbW54mvbQ6pieUuerC2ahBg+kEp1wycFj8MPUI0WkIOw5E9w=="
    },
    "node_modules/events-mixin": {
      "version": "1.3.0",
      "resolved": "https://registry.npmjs.org/events-mixin/-/events-mixin-1.3.0.tgz",
      "integrity": "sha512-3ufW+ghmDm7OzAOlPeVXA8V/20xcCaxL3GIw26kjm9101NEuvyKGmZWs7Wt5KsDuD1R1n3ilmY7rPkm95P3b5w==",
      "dependencies": {
        "component-event": "0.1.3",
        "delegate-events": "1.1.0"
      }
    },
    "node_modules/find-root": {
      "version": "0.1.2",
      "resolved": "https://registry.npmjs.org/find-root/-/find-root-0.1.2.tgz",
      "integrity": "sha512-GyDxVgA61TZcrgDJPqOqGBpi80Uf2yIstubgizi7AjC9yPdRrqBR+Y0MvK4kXnYlaoz3d+SGxDHMYVkwI/yd2w=="
    },
    "node_modules/inherits": {
      "version": "2.0.4",
      "resolved": "https://registry.npmjs.org/inherits/-/inherits-2.0.4.tgz",
      "integrity": "sha512-k/vGaX4/Yla3WzyMCvTQOXYeIHvqOKtnqBduzTHpzpQZzAskKMhZ2K+EnBiSM9zGSoIFeMpXKxa4dYeZIQqewQ=="
    },
    "node_modules/isarray": {
      "version": "0.0.1",
      "resolved": "https://registry.npmjs.org/isarray/-/isarray-0.0.1.tgz",
      "integrity": "sha512-D2S+3GLxWH+uhrNEcoh/fnmYeP8E8/zHl644d/jdA0g2uyXvy3sb0qxotE+ne0LtccHknQzWwZEzhak7oJ0COQ=="
    },
    "node_modules/key-tree-store": {
      "version": "1.3.0",
      "resolved": "https://registry.npmjs.org/key-tree-store/-/key-tree-store-1.3.0.tgz",
      "integrity": "sha512-qXk+lR+LXvGos3wqMxIMWweKDgCx8ZKWM6BEPm7iZkOKug5ggi66vUt+3vbtKJLBrAyOxQ4S8JRwK++Q4XZRmw=="
    },
    "node_modules/lodash": {
      "version": "4.17.21",
      "resolved": "https://registry.npmjs.org/lodash/-/lodash-4.17.21.tgz",
      "integrity": "sha512-v2kDEe57lecTulaDIuNTPy3Ry4gLGJ6Z1O3vE1krgXZNrsQ+LFTGHVxVjcXPs17LhbZVGedAJv8XZ1tvj5FvSg=="
    },
    "node_modules/matches-selector": {
      "version": "1.2.0",
      "resolved": "https://registry.npmjs.org/matches-selector/-/matches-selector-1.2.0.tgz",
      "integrity": "sha512-c4vLwYWyl+Ji+U43eU/G5FwxWd4ZH0ePUsFs5y0uwD9HUEFBXUQ1zUUan+78IpRD+y4pUfG0nAzNM292K7ItvA=="
    },
    "node_modules/readable-stream": {
      "version": "1.0.34",
      "resolved": "https://registry.npmjs.org/readable-stream/-/readable-stream-1.0.34.tgz",
      "integrity": "sha512-ok1qVCJuRkNmvebYikljxJA/UEsKwLl2nI1OmaqAu4/UE+h0wKCHok4XkL/gvi39OacXvw59RJUOFUkDib2rHg==",
      "dependencies": {
        "core-util-is": "~1.0.0",
        "inherits": "~2.0.1",
        "isarray": "0.0.1",
        "string_decoder": "~0.10.x"
      }
    },
    "node_modules/string_decoder": {
      "version": "0.10.31",
      "resolved": "https://registry.npmjs.org/string_decoder/-/string_decoder-0.10.31.tgz",
      "integrity": "sha512-ev2QzSzWPYmy9GuqfIVildA4OdcGLeFZQrq5ys6RtiuF+RQQiZWr8TZNyAcuVXyQRYfEO+MsoB/1BuQVhOJuoQ=="
    },
    "node_modules/through2": {
      "version": "0.6.5",
      "resolved": "https://registry.npmjs.org/through2/-/through2-0.6.5.tgz",
      "integrity": "sha512-RkK/CCESdTKQZHdmKICijdKKsCRVHs5KsLZ6pACAmF/1GPUQhonHSXWNERctxEp7RmvjdNbZTL5z9V7nSCXKcg==",
      "dependencies": {
        "readable-stream": ">=1.0.33-1 <1.1.0-0",
        "xtend": ">=4.0.0 <4.1.0-0"
      }
    },
    "node_modules/xtend": {
      "version": "4.0.2",
      "resolved": "https://registry.npmjs.org/xtend/-/xtend-4.0.2.tgz",
      "integrity": "sha512-LKYU1iAXJXUgAXn9URjiu+MWhyUXHsvfp7mcuYm9dSUKK0/CjtrUwFAxD82/mCWbtLsGjFIad0wIsod4zrTAEQ==",
      "engines": {
        "node": ">=0.4"
      }
    }
  },
  "dependencies": {
    "ampersand-class-extend": {
      "version": "2.0.0",
      "resolved": "https://registry.npmjs.org/ampersand-class-extend/-/ampersand-class-extend-2.0.0.tgz",
      "integrity": "sha512-i8hQvA4vZz9UfQAi0A4oBASYOZzlYgjFVkw0K1xpeKNSvq+KYkFOqJKkNvHCbbuKUNJnFk3kECSKPDAJ6ocEOg==",
      "requires": {
        "lodash": "4.11.1"
      }
    },
    "ampersand-collection-view": {
      "version": "2.0.2",
      "resolved": "https://registry.npmjs.org/ampersand-collection-view/-/ampersand-collection-view-2.0.2.tgz",
      "integrity": "sha512-JVH6HGcxD0OI7X4GsTphslaGin1FD/AJtj+nn9Xt1CyzycdnoYd3jwb/MexeAD4nQUqKzeN9PLAFzd3BWQVE6A==",
      "requires": {
        "ampersand-class-extend": "2.0.0",
        "ampersand-events": "2.0.1",
        "ampersand-version": "1.0.0",
        "lodash": "4.11.1"
      }
    },
    "ampersand-dom": {
      "version": "1.5.0",
      "resolved": "https://registry.npmjs.org/ampersand-dom/-/ampersand-dom-1.5.0.tgz",
      "integrity": "sha512-1eT0xapDPWME2pDcVIfy1OijTSZ4TR46CqnoGqmxDYPvI3owk2Pilz+BjMjOeI2nX5Zqd4TB96jI2ldckCYvdg==",
      "requires": {
        "ampersand-version": "1.0.0"
      }
    },
    "ampersand-dom-bindings": {
      "version": "3.9.2",
      "resolved": "https://registry.npmjs.org/ampersand-dom-bindings/-/ampersand-dom-bindings-3.9.2.tgz",
      "integrity": "sha512-LQBOVB5DlGZZZ2mf6W1Y4Ld19JnuThsqD6dSvfmjBEK2dby/I1rjpkWaPrt11YZELs8IRilwzNC3OdYluV6hqw==",
      "requires": {
        "ampersand-dom": "1.2.5",
        "ampersand-version": "1.0.0",
        "key-tree-store": "1.2.0",
        "lodash": "4.17.4",
        "matches-selector": "1.0.0"
      }
    },
    "ampersand-events": {
      "version": "2.0.2",
      "resolved": "https://registry.npmjs.org/ampersand-events/-/ampersand-events-2.0.2.tgz",
      "integrity": "sha512-pPnVEJviRxXi9YhZA9j3GwGGBTlDLi+YIoBvrpKXgce+CO1nMlZU2aOV8OJogNuR2YPbptAUHNz7SKX+MvLj8A==",
      "requires": {
        "ampersand-version": "1.0.2",
        "lodash": "4.6.1"
      }
    },
    "ampersand-state": {
      "version": "5.0.3",
      "resolved": "https://registry.npmjs.org/ampersand-state/-/ampersand-state-5.0.3.tgz",
      "integrity": "sha512-sr904K5zvw6mkGjFHhTcfBIdpoJ6mn/HrFg7OleRmBpw3apLb3Z0gVrgRTb7kK1wOLI34vs4S+IXqNHUeqWCzw==",
      "requires": {
        "ampersand-events": "2.0.1",
        "ampersand-version": "1.0.0",
        "array-next": "~0.0.1",
        "key-tree-store": "1.3.0",
        "lodash": "4.12.0"
      }
    },
    "ampersand-version": {
      "version": "1.0.2",
      "resolved": "https://registry.npmjs.org/ampersand-version/-/ampersand-version-1.0.2.tgz",
      "integrity": "sha512-FVVLY7Pghtgc8pQl0rF3A3+OS/CZ+/ILLMIYIaO1cA9v5SRkainqUMfSot3fu32svuThIsYK3q9iCsH9W5+mWQ==",
      "requires": {
        "find-root": "0.1.1",
        "through2": "0.6.3"
      }
    },
    "ampersand-view": {
      "version": "10.0.3",
      "resolved": "https://registry.npmjs.org/ampersand-view/-/ampersand-view-10.0.3.tgz",
      "integrity": "sha512-PCqoFnbkCSVrXFBRX9PLdclyXnzI3L1cpRnel55cJ5UqnZ7Bg+U7sxXTBJnQ0V/fXhiC2Rh8gATLzQwydJgFxQ==",
      "requires": {
        "ampersand-collection-view": "2.0.2",
        "ampersand-dom-bindings": "3.9.1",
        "ampersand-state": "5.0.2",
        "ampersand-version": "1.0.2",
        "component-classes": "1.2.6",
        "domify": "1.4.0",
        "events-mixin": "1.3.0",
        "lodash": "4.17.4",
        "matches-selector": "1.2.0"
      }
    },
    "array-next": {
      "version": "0.0.1",
      "resolved": "https://registry.npmjs.org/array-next/-/array-next-0.0.1.tgz",
      "integrity": "sha512-sBOC/Iaz2hCcYi2XlyRfyZCRUxamlE5NJXEFjE9BTx23HALnWAFsPjGtfrAclt9o3G/38Het2yyeyOd3CEY7lg=="
    },
    "closest": {
      "version": "0.0.1",
      "resolved": "https://registry.npmjs.org/closest/-/closest-0.0.1.tgz",
      "integrity": "sha512-HafRXTAiWp5nf6kxOy2EoIGSsJMn0zew9E5zp3Dy/8CXdp8GvVjZn1TSMEVdDxSP/acXZcWJWiIgF83Di7M1Ew==",
      "requires": {
        "matches-selector": "0.0.1"
      },
      "dependencies": {
        "matches-selector": {
          "version": "0.0.1",
          "resolved": "https://registry.npmjs.org/matches-selector/-/matches-selector-0.0.1.tgz",
          "integrity": "sha512-Bm8wuvuNGPY3j1Mo23PxieRQAmQQe2qVcqgmpHOp1BEBNgb4dqzn2Dcgu5bYltMosjGi6LD7GPW72zboSdyJQg=="
        }
      }
    },
    "component-classes": {
      "version": "1.2.6",
      "resolved": "https://registry.npmjs.org/component-classes/-/component-classes-1.2.6.tgz",
      "integrity": "sha512-hPFGULxdwugu1QWW3SvVOCUHLzO34+a2J6Wqy0c5ASQkfi9/8nZcBB0ZohaEbXOQlCflMAEMmEWk7u7BVs4koA==",
      "requires": {
        "component-indexof": "0.0.3"
      }
    },
    "component-event": {
      "version": "0.1.4",
      "resolved": "https://registry.npmjs.org/component-event/-/component-event-0.1.4.tgz",
      "integrity": "sha512-GMwOG8MnUHP1l8DZx1ztFO0SJTFnIzZnBDkXAj8RM2ntV2A6ALlDxgbMY1Fvxlg6WPQ+5IM/a6vg4PEYbjg/Rw=="
    },
    "component-indexof": {
      "version": "0.0.3",
      "resolved": "https://registry.npmjs.org/component-indexof/-/component-indexof-0.0.3.tgz",
      "integrity": "sha512-puDQKvx/64HZXb4hBwIcvQLaLgux8o1CbWl39s41hrIIZDl1lJiD5jc22gj3RBeGK0ovxALDYpIbyjqDUUl0rw=="
    },
    "core-util-is": {
      "version": "1.0.3",
      "resolved": "https://registry.npmjs.org/core-util-is/-/core-util-is-1.0.3.tgz",
      "integrity": "sha512-ZQBvi1DcpJ4GDqanjucZ2Hj3wEO5pZDS89BWbkcrvdxksJorwUDDZamX9ldFkp9aw2lmBDLgkObEA4DWNJ9FYQ=="
    },
    "delegate-events": {
      "version": "1.1.1",
      "resolved": "https://registry.npmjs.org/delegate-events/-/delegate-events-1.1.1.tgz",
      "integrity": "sha512-zGQj8wM/bfJ55suxyP3e9fO68hXuhL5LnD03n4Ri1TG7Pserpeo0e6VdQlsym05wlSYQrXiVPiq/oGvXROqxEw==",
      "requires": {
        "closest": "*",
        "component-event": "*"
      }
    },
    "domify": {
      "version": "1.4.1",
      "resolved": "https://registry.npmjs.org/domify/-/domify-1.4.1.tgz",
      "integrity": "sha512-x18nuiDHMCZGXr4KJSRMf/TWYtiaRo6RX8KN9fEbW54mvbQ6pieUuerC2ahBg+kEp1wycFj8MPUI0WkIOw5E9w=="
    },
    "events-mixin": {
      "version": "1.3.0",
      "resolved": "https://registry.npmjs.org/events-mixin/-/events-mixin-1.3.0.tgz",
      "integrity": "sha512-3ufW+ghmDm7OzAOlPeVXA8V/20xcCaxL3GIw26kjm9101NEuvyKGmZWs7Wt5KsDuD1R1n3ilmY7rPkm95P3b5w==",
      "requires": {
        "component-event": "0.1.3",
        "delegate-events": "1.1.0"
      }
    },
    "find-root": {
      "version": "0.1.2",
      "resolved": "https://registry.npmjs.org/find-root/-/find-root-0.1.2.tgz",
      "integrity": "sha512-GyDxVgA61TZcrgDJPqOqGBpi80Uf2yIstubgizi7AjC9yPdRrqBR+Y0MvK4kXnYlaoz3d+SGxDHMYVkwI/yd2w=="
    },
    "inherits": {
      "version": "2.0.4",
      "resolved": "https://registry.npmjs.org/inherits/-/inherits-2.0.4.tgz",
      "integrity": "sha512-k/vGaX4/Yla3WzyMCvTQOXYeIHvqOKtnqBduzTHpzpQZzAskKMhZ2K+EnBiSM9zGSoIFeMpXKxa4dYeZIQqewQ=="
    },
    "isarray": {
      "version": "0.0.1",
      "resolved": "https://registry.npmjs.org/isarray/-/isarray-0.0.1.tgz",
      "integrity": "sha512-D2S+3GLxWH+uhrNEcoh/fnmYeP8E8/zHl644d/jdA0g2uyXvy3sb0qxotE+ne0LtccHknQzWwZEzhak7oJ0COQ=="
    },
    "key-tree-store": {
      "version": "1.3.0",
      "resolved": "https://registry.npmjs.org/key-tree-store/-/key-tree-store-1.3.0.tgz",
      "integrity": "sha512-qXk+lR+LXvGos3wqMxIMWweKDgCx8ZKWM6BEPm7iZkOKug5ggi66vUt+3vbtKJLBrAyOxQ4S8JRwK++Q4XZRmw=="
    },
    "lodash": {
      "version": "4.17.21",
      "resolved": "https://registry.npmjs.org/lodash/-/lodash-4.17.21.tgz",
      "integrity": "sha512-v2kDEe57lecTulaDIuNTPy3Ry4gLGJ6Z1O3vE1krgXZNrsQ+LFTGHVxVjcXPs17LhbZVGedAJv8XZ1tvj5FvSg=="
    },
    "matches-selector": {
      "version": "1.2.0",
      "resolved": "https://registry.npmjs.org/matches-selector/-/matches-selector-1.2.0.tgz",
      "integrity": "sha512-c4vLwYWyl+Ji+U43eU/G5FwxWd4ZH0ePUsFs5y0uwD9HUEFBXUQ1zUUan+78IpRD+y4pUfG0nAzNM292K7ItvA=="
    },
    "readable-stream": {
      "version": "1.0.34",
      "resolved": "https://registry.npmjs.org/readable-stream/-/readable-stream-1.0.34.tgz",
      "integrity": "sha512-ok1qVCJuRkNmvebYikljxJA/UEsKwLl2nI1OmaqAu4/UE+h0wKCHok4XkL/gvi39OacXvw59RJUOFUkDib2rHg==",
      "requires": {
        "core-util-is": "~1.0.0",
        "inherits": "~2.0.1",
        "isarray": "0.0.1",
        "string_decoder": "~0.10.x"
      }
    },
    "string_decoder": {
      "version": "0.10.31",
      "resolved": "https://registry.npmjs.org/string_decoder/-/string_decoder-0.10.31.tgz",
      "integrity": "sha512-ev2QzSzWPYmy9GuqfIVildA4OdcGLeFZQrq5ys6RtiuF+RQQiZWr8TZNyAcuVXyQRYfEO+MsoB/1BuQVhOJuoQ=="
    },
    "through2": {
      "version": "0.6.5",
      "resolved": "https://registry.npmjs.org/through2/-/through2-0.6.5.tgz",
      "integrity": "sha512-RkK/CCESdTKQZHdmKICijdKKsCRVHs5KsLZ6pACAmF/1GPUQhonHSXWNERctxEp7RmvjdNbZTL5z9V7nSCXKcg==",
      "requires": {
        "readable-stream": ">=1.0.33-1 <1.1.0-0",
        "xtend": ">=4.0.0 <4.1.0-0"
      }
    },
    "xtend": {
      "version": "4.0.2",
      "resolved": "https://registry.npmjs.org/xtend/-/xtend-4.0.2.tgz",
      "integrity": "sha512-LKYU1iAXJXUgAXn9URjiu+MWhyUXHsvfp7mcuYm9dSUKK0/CjtrUwFAxD82/mCWbtLsGjFIad0wIsod4zrTAEQ=="
    }
  }
}
